<?xml version="1.0" encoding="utf-8"?>
<Project ToolsVersion="4.0" xmlns="http://schemas.microsoft.com/developer/msbuild/2003">
  <ItemGroup>
    <Filter Include="资源文件">
      <UniqueIdentifier>{67DA6AB6-F800-4c08-8B7A-83BB121AAD01}</UniqueIdentifier>
      <Extensions>rc;ico;cur;bmp;dlg;rc2;rct;bin;rgs;gif;jpg;jpeg;jpe;resx;tiff;tif;png;wav;mfcribbon-ms</Extensions>
    </Filter>
    <Filter Include="Source">
      <UniqueIdentifier>{4FC737F1-C7A5-4376-A066-2A32D752A2FF}</UniqueIdentifier>
      <Extensions>cpp;c;cc;cxx;def;odl;idl;hpj;bat;asm;asmx</Extensions>
    </Filter>
    <Filter Include="Source\common">
      <UniqueIdentifier>{0384e712-a08e-489e-9455-ab3473223dba}</UniqueIdentifier>
    </Filter>
    <Filter Include="Source\test">
      <UniqueIdentifier>{e14dcc87-44cd-49c4-9fce-5b0709ee004f}</UniqueIdentifier>
    </Filter>
    <Filter Include="Source\nodes">
      <UniqueIdentifier>{ce3ec718-b384-40e4-975b-24fa26201af1}</UniqueIdentifier>
    </Filter>
    <Filter Include="Source\nodes\graphics">
      <UniqueIdentifier>{99ea29db-e4fb-4cef-a638-89bf39c80bb1}</UniqueIdentifier>
    </Filter>
    <Filter Include="Source\model">
      <UniqueIdentifier>{2fb48ad9-f458-41e6-bdc7-b2ba21f1d2e1}</UniqueIdentifier>
    </Filter>
    <Filter Include="Source\interop">
      <UniqueIdentifier>{c65bf1ba-a36c-430a-9224-cf4799869e1a}</UniqueIdentifier>
    </Filter>
    <Filter Include="Source\interop\lua_access">
      <UniqueIdentifier>{2ddffab8-8980-4d5b-8ea5-3c901087b3db}</UniqueIdentifier>
    </Filter>
    <Filter Include="Source\interop\lua_core">
      <UniqueIdentifier>{26855490-29bf-480f-bcbb-c1cd0e825efe}</UniqueIdentifier>
    </Filter>
    <Filter Include="Source\script">
      <UniqueIdentifier>{8cbdb4c4-e803-46e6-96f9-00bfc70c8982}</UniqueIdentifier>
    </Filter>
    <Filter Include="Source\shaders">
      <UniqueIdentifier>{108c0a38-bb0c-4378-aaf5-5164a23f6d72}</UniqueIdentifier>
    </Filter>
    <Filter Include="Source\interop\inc">
      <UniqueIdentifier>{f404abcc-c4e3-48c5-b372-b12b85bf7615}</UniqueIdentifier>
    </Filter>
    <Filter Include="Source\interop\auto">
      <UniqueIdentifier>{734d4bfc-8dd8-4c2f-ad2e-9da59c44c446}</UniqueIdentifier>
    </Filter>
    <Filter Include="Source\shaderman">
      <UniqueIdentifier>{1c04d77b-4368-4fcc-b187-20d978c4f91b}</UniqueIdentifier>
    </Filter>
  </ItemGroup>
  <ItemGroup>
    <ClCompile Include="main.cpp">
      <Filter>Source</Filter>
    </ClCompile>
    <ClCompile Include="AppController.cpp">
      <Filter>Source</Filter>
    </ClCompile>
    <ClCompile Include="Director.cpp">
      <Filter>Source</Filter>
    </ClCompile>
    <ClCompile Include="..\common\shader.cpp">
      <Filter>Source\common</Filter>
    </ClCompile>
    <ClCompile Include="test\test_lua.cpp">
      <Filter>Source\test</Filter>
    </ClCompile>
    <ClCompile Include="nodes\BoxNode.cpp">
      <Filter>Source\nodes</Filter>
    </ClCompile>
    <ClCompile Include="nodes\CubeNode.cpp">
      <Filter>Source\nodes</Filter>
    </ClCompile>
    <ClCompile Include="nodes\EsNode.cpp">
      <Filter>Source\nodes</Filter>
    </ClCompile>
    <ClCompile Include="nodes\FieldNode.cpp">
      <Filter>Source\nodes</Filter>
    </ClCompile>
    <ClCompile Include="nodes\GridNode.cpp">
      <Filter>Source\nodes</Filter>
    </ClCompile>
    <ClCompile Include="nodes\PrimitiveNode.cpp">
      <Filter>Source\nodes</Filter>
    </ClCompile>
    <ClCompile Include="model\ObjectModel.cpp">
      <Filter>Source\model</Filter>
    </ClCompile>
    <ClCompile Include="interop\lua_access\lua_access.cpp">
      <Filter>Source\interop\lua_access</Filter>
    </ClCompile>
    <ClCompile Include="interop\lua_access\refobj.cpp">
      <Filter>Source\interop\lua_access</Filter>
    </ClCompile>
    <ClCompile Include="interop\lua_access\refproto.cpp">
      <Filter>Source\interop\lua_access</Filter>
    </ClCompile>
    <ClCompile Include="interop\lua_access\refprotobase.cpp">
      <Filter>Source\interop\lua_access</Filter>
    </ClCompile>
    <ClCompile Include="interop\lua_core\mcore.cpp">
      <Filter>Source\interop\lua_core</Filter>
    </ClCompile>
    <ClCompile Include="interop\lua_core\lua_core.cpp">
      <Filter>Source\interop\lua_core</Filter>
    </ClCompile>
    <ClCompile Include="LuaScriptor.cpp">
      <Filter>Source\script</Filter>
    </ClCompile>
    <ClCompile Include="InputProcessor.cpp">
      <Filter>Source</Filter>
    </ClCompile>
    <ClCompile Include="InputStdProcessor.cpp">
      <Filter>Source</Filter>
    </ClCompile>
    <ClCompile Include="nodes\BlenderNode.cpp">
      <Filter>Source\nodes</Filter>
    </ClCompile>
    <ClCompile Include="nodes\MimicNode.cpp">
      <Filter>Source\nodes</Filter>
    </ClCompile>
    <ClCompile Include="nodes\BlenderNormal.cpp">
      <Filter>Source\nodes</Filter>
    </ClCompile>
    <ClCompile Include="nodes\LightNode.cpp">
      <Filter>Source\nodes</Filter>
    </ClCompile>
    <ClCompile Include="..\common\text2D.cpp">
      <Filter>Source\common</Filter>
    </ClCompile>
    <ClCompile Include="..\common\texture.cpp">
      <Filter>Source\common</Filter>
    </ClCompile>
    <ClCompile Include="nodes\AxisNode.cpp">
      <Filter>Source\nodes</Filter>
    </ClCompile>
    <ClCompile Include="interop\class\exports.cpp">
      <Filter>Source\interop</Filter>
    </ClCompile>
    <ClCompile Include="nodes\DDNodes.h">
      <Filter>Source\nodes</Filter>
    </ClCompile>
    <ClCompile Include="interop\class\lextension.c">
      <Filter>Source\interop</Filter>
    </ClCompile>
    <ClCompile Include="shaderman\exshader.cc">
      <Filter>Source\shaderman</Filter>
    </ClCompile>
    <ClCompile Include="shaderman\shadercache.cc">
      <Filter>Source\shaderman</Filter>
    </ClCompile>
  </ItemGroup>
  <ItemGroup>
    <ClInclude Include="AppController.h">
      <Filter>Source</Filter>
    </ClInclude>
    <ClInclude Include="Director.h">
      <Filter>Source</Filter>
    </ClInclude>
    <ClInclude Include="..\common\shader.hpp">
      <Filter>Source\common</Filter>
    </ClInclude>
    <ClInclude Include="nodes\BoxNode.h">
      <Filter>Source\nodes</Filter>
    </ClInclude>
    <ClInclude Include="nodes\CubeNode.h">
      <Filter>Source\nodes</Filter>
    </ClInclude>
    <ClInclude Include="nodes\EsNode.h">
      <Filter>Source\nodes</Filter>
    </ClInclude>
    <ClInclude Include="nodes\FieldNode.h">
      <Filter>Source\nodes</Filter>
    </ClInclude>
    <ClInclude Include="nodes\GridNode.h">
      <Filter>Source\nodes</Filter>
    </ClInclude>
    <ClInclude Include="nodes\PrimitiveNode.h">
      <Filter>Source\nodes</Filter>
    </ClInclude>
    <ClInclude Include="nodes\graphics\DDGraphics.h">
      <Filter>Source\nodes\graphics</Filter>
    </ClInclude>
    <ClInclude Include="nodes\graphics\DDStruct.h">
      <Filter>Source\nodes\graphics</Filter>
    </ClInclude>
    <ClInclude Include="model\ObjectModel.h">
      <Filter>Source\model</Filter>
    </ClInclude>
    <ClInclude Include="interop\lua_access\lua_access.h">
      <Filter>Source\interop\lua_access</Filter>
    </ClInclude>
    <ClInclude Include="interop\lua_access\lua_access_macros.h">
      <Filter>Source\interop\lua_access</Filter>
    </ClInclude>
    <ClInclude Include="interop\lua_access\refobj.h">
      <Filter>Source\interop\lua_access</Filter>
    </ClInclude>
    <ClInclude Include="interop\lua_access\refproto.h">
      <Filter>Source\interop\lua_access</Filter>
    </ClInclude>
    <ClInclude Include="interop\lua_access\refprotobase.h">
      <Filter>Source\interop\lua_access</Filter>
    </ClInclude>
    <ClInclude Include="interop\lua_core\mcore.h">
      <Filter>Source\interop\lua_core</Filter>
    </ClInclude>
    <ClInclude Include="interop\lua_core\lua_core.h">
      <Filter>Source\interop\lua_core</Filter>
    </ClInclude>
    <ClInclude Include="LuaScriptor.h">
      <Filter>Source\script</Filter>
    </ClInclude>
    <ClInclude Include="protocols.h">
      <Filter>Source</Filter>
    </ClInclude>
    <ClInclude Include="InputProcessor.h">
      <Filter>Source</Filter>
    </ClInclude>
    <ClInclude Include="InputHost.h">
      <Filter>Source</Filter>
    </ClInclude>
    <ClInclude Include="InputStdProcessor.h">
      <Filter>Source</Filter>
    </ClInclude>
    <ClInclude Include="nodes\BlenderNode.h">
      <Filter>Source\nodes</Filter>
    </ClInclude>
    <ClInclude Include="nodes\MimicNode.h">
      <Filter>Source\nodes</Filter>
    </ClInclude>
    <ClInclude Include="nodes\graphics\DDApi.h">
      <Filter>Source\nodes\graphics</Filter>
    </ClInclude>
    <ClInclude Include="nodes\BlenderNormal.h">
      <Filter>Source\nodes</Filter>
    </ClInclude>
    <ClInclude Include="LightProtocol.h">
      <Filter>Source</Filter>
    </ClInclude>
    <ClInclude Include="nodes\LightNode.h">
      <Filter>Source\nodes</Filter>
    </ClInclude>
    <ClInclude Include="..\common\text2D.hpp">
      <Filter>Source\common</Filter>
    </ClInclude>
    <ClInclude Include="..\common\texture.hpp">
      <Filter>Source\common</Filter>
    </ClInclude>
    <ClInclude Include="nodes\AxisNode.h">
      <Filter>Source\nodes</Filter>
    </ClInclude>
    <ClInclude Include="interop\class\exports.h">
      <Filter>Source\interop</Filter>
    </ClInclude>
    <ClInclude Include="interop\class\lextension.h">
      <Filter>Source\interop</Filter>
    </ClInclude>
    <ClInclude Include="shaderman\exshader.h">
      <Filter>Source\shaderman</Filter>
    </ClInclude>
    <ClInclude Include="shaderman\shadercache.h">
      <Filter>Source\shaderman</Filter>
    </ClInclude>
  </ItemGroup>
  <ItemGroup>
    <None Include="shaders\SimpleFragmentShader.fsh">
      <Filter>Source\shaders</Filter>
    </None>
    <None Include="shaders\SimpleVertexShader.vsh">
      <Filter>Source\shaders</Filter>
    </None>
    <None Include="shaders\MimicShader.fsh">
      <Filter>Source\shaders</Filter>
    </None>
    <None Include="shaders\MimicShader.vsh">
      <Filter>Source\shaders</Filter>
    </None>
    <None Include="shaders\Diffuse.vsh">
      <Filter>Source\shaders</Filter>
    </None>
    <None Include="shaders\Diffuse.fsh">
      <Filter>Source\shaders</Filter>
    </None>
    <None Include="shaders\TextVertexShader.fsh">
      <Filter>Source\shaders</Filter>
    </None>
    <None Include="shaders\TextVertexShader.vsh">
      <Filter>Source\shaders</Filter>
    </None>
    <None Include="interop\class\inc\EsNode.stru">
      <Filter>Source\interop\inc</Filter>
    </None>
    <None Include="interop\class\EsNode.inc">
      <Filter>Source\interop\auto</Filter>
    </None>
  </ItemGroup>
</Project>